
Microsoft Visual Studio Solution File, Format Version 12.00
# Visual Studio 15
VisualStudioVersion = 15.0.28307.106
MinimumVisualStudioVersion = 10.0.40219.1
Project("{9A19103F-16F7-4668-BE54-9A1E7A4F7556}") = "WebApplication", "WebApplication\WebApplication.csproj", "{5CA26FB5-DE11-46E7-87B2-B1C7AEB80B9F}"
EndProject
Project("{FAE04EC0-301F-11D3-BF4B-00C04F79EFBC}") = "UnitTestProject", "UnitTestProject\UnitTestProject.csproj", "{6A1BC7AA-1745-447A-8C9A-68DA12A75339}"
EndProject
Global
	GlobalSection(SolutionConfigurationPlatforms) = preSolution
		Debug|Any CPU = Debug|Any CPU
		Release|Any CPU = Release|Any CPU
	EndGlobalSection
	GlobalSection(ProjectConfigurationPlatforms) = postSolution
		{5CA26FB5-DE11-46E7-87B2-B1C7AEB80B9F}.Debug|Any CPU.ActiveCfg = Debug|Any CPU
		{5CA26FB5-DE11-46E7-87B2-B1C7AEB80B9F}.Debug|Any CPU.Build.0 = Debug|Any CPU
		{5CA26FB5-DE11-46E7-87B2-B1C7AEB80B9F}.Release|Any CPU.ActiveCfg = Release|Any CPU
		{5CA26FB5-DE11-46E7-87B2-B1C7AEB80B9F}.Release|Any CPU.Build.0 = Release|Any CPU
		{6A1BC7AA-1745-447A-8C9A-68DA12A75339}.Debug|Any CPU.ActiveCfg = Debug|Any CPU
		{6A1BC7AA-1745-447A-8C9A-68DA12A75339}.Debug|Any CPU.Build.0 = Debug|Any CPU
		{6A1BC7AA-1745-447A-8C9A-68DA12A75339}.Release|Any CPU.ActiveCfg = Release|Any CPU
		{6A1BC7AA-1745-447A-8C9A-68DA12A75339}.Release|Any CPU.Build.0 = Release|Any CPU
	EndGlobalSection
	GlobalSection(SolutionProperties) = preSolution
		HideSolutionNode = FALSE
	EndGlobalSection
	GlobalSection(ExtensibilityGlobals) = postSolution
		SolutionGuid = {1CFB2B0C-C196-474A-A65B-3E6A4DB33D2A}
	EndGlobalSection
EndGlobal
